
Microsoft Visual Studio Solution File, Format Version 12.00
# Visual Studio 14
VisualStudioVersion = 14.0.23107.0
MinimumVisualStudioVersion = 10.0.40219.1
Project("{F2A71F9B-5D33-465A-A702-920D77279786}") = "MazeExplorerLibrary", "MazeExplorerLibrary\MazeExplorerLibrary.fsproj", "{752F2E8A-8833-45F2-8722-CA03357EA4DD}"
EndProject
Project("{F2A71F9B-5D33-465A-A702-920D77279786}") = "MazeExplorerUILibrary", "MazeExplorerUILibrary\MazeExplorerUILibrary.fsproj", "{3D81A38C-F39B-46E8-9E5F-33211BC21AB2}"
EndProject
Project("{F2A71F9B-5D33-465A-A702-920D77279786}") = "MazeExplorerUI", "MazeExplorerUI\MazeExplorerUI.fsproj", "{D717B434-D71E-4F64-BECC-98735D36705A}"
EndProject
Project("{F2A71F9B-5D33-465A-A702-920D77279786}") = "MazeExplorerGame", "MazeExplorerGame\MazeExplorerGame.fsproj", "{DA513E54-5BE4-4D47-9D2F-E9A7AB0FC64C}"
EndProject
Global
	GlobalSection(SolutionConfigurationPlatforms) = preSolution
		Debug|Any CPU = Debug|Any CPU
		Release|Any CPU = Release|Any CPU
	EndGlobalSection
	GlobalSection(ProjectConfigurationPlatforms) = postSolution
		{752F2E8A-8833-45F2-8722-CA03357EA4DD}.Debug|Any CPU.ActiveCfg = Debug|Any CPU
		{752F2E8A-8833-45F2-8722-CA03357EA4DD}.Debug|Any CPU.Build.0 = Debug|Any CPU
		{752F2E8A-8833-45F2-8722-CA03357EA4DD}.Release|Any CPU.ActiveCfg = Release|Any CPU
		{752F2E8A-8833-45F2-8722-CA03357EA4DD}.Release|Any CPU.Build.0 = Release|Any CPU
		{3D81A38C-F39B-46E8-9E5F-33211BC21AB2}.Debug|Any CPU.ActiveCfg = Debug|Any CPU
		{3D81A38C-F39B-46E8-9E5F-33211BC21AB2}.Debug|Any CPU.Build.0 = Debug|Any CPU
		{3D81A38C-F39B-46E8-9E5F-33211BC21AB2}.Release|Any CPU.ActiveCfg = Release|Any CPU
		{3D81A38C-F39B-46E8-9E5F-33211BC21AB2}.Release|Any CPU.Build.0 = Release|Any CPU
		{D717B434-D71E-4F64-BECC-98735D36705A}.Debug|Any CPU.ActiveCfg = Debug|Any CPU
		{D717B434-D71E-4F64-BECC-98735D36705A}.Debug|Any CPU.Build.0 = Debug|Any CPU
		{D717B434-D71E-4F64-BECC-98735D36705A}.Release|Any CPU.ActiveCfg = Release|Any CPU
		{D717B434-D71E-4F64-BECC-98735D36705A}.Release|Any CPU.Build.0 = Release|Any CPU
		{DA513E54-5BE4-4D47-9D2F-E9A7AB0FC64C}.Debug|Any CPU.ActiveCfg = Debug|Any CPU
		{DA513E54-5BE4-4D47-9D2F-E9A7AB0FC64C}.Debug|Any CPU.Build.0 = Debug|Any CPU
		{DA513E54-5BE4-4D47-9D2F-E9A7AB0FC64C}.Release|Any CPU.ActiveCfg = Release|Any CPU
		{DA513E54-5BE4-4D47-9D2F-E9A7AB0FC64C}.Release|Any CPU.Build.0 = Release|Any CPU
	EndGlobalSection
	GlobalSection(SolutionProperties) = preSolution
		HideSolutionNode = FALSE
	EndGlobalSection
EndGlobal
